<?xml version="1.0" encoding="UTF-8"?>
<Project ToolsVersion="12.0" xmlns="http://schemas.microsoft.com/developer/msbuild/2003">
  <ItemGroup>
    <ClCompile Include="C:\Users\dereky\Documents\GitHub\glfw\tests\title.c">
      <Filter>Source Files</Filter>
    </ClCompile>
  </ItemGroup>
  <ItemGroup>
    <CustomBuild Include="C:\Users\dereky\Documents\GitHub\glfw\tests\CMakeLists.txt" />
  </ItemGroup>
  <ItemGroup>
    <Filter Include="Source Files">
      <UniqueIdentifier>{19BE7997-3811-4F4B-AD98-6871018865A6}</UniqueIdentifier>
    </Filter>
  </ItemGroup>
</Project>
